{
  "name": "backend",
  "lockfileVersion": 3,
  "requires": true,
  "packages": {
    "": {
      "dependencies": {
        "@ffmpeg/ffmpeg": "^0.12.15",
        "@ffmpeg/util": "^0.12.2"
      }
    },
    "node_modules/@ffmpeg/ffmpeg": {
      "version": "0.12.15",
      "resolved": "https://registry.npmjs.org/@ffmpeg/ffmpeg/-/ffmpeg-0.12.15.tgz",
      "integrity": "sha512-1C8Obr4GsN3xw+/1Ww6PFM84wSQAGsdoTuTWPOj2OizsRDLT4CXTaVjPhkw6ARyDus1B9X/L2LiXHqYYsGnRFw==",
      "license": "MIT",
      "dependencies": {
        "@ffmpeg/types": "^0.12.4"
      },
      "engines": {
        "node": ">=18.x"
      }
    },
    "node_modules/@ffmpeg/types": {
      "version": "0.12.4",
      "resolved": "https://registry.npmjs.org/@ffmpeg/types/-/types-0.12.4.tgz",
      "integrity": "sha512-k9vJQNBGTxE5AhYDtOYR5rO5fKsspbg51gbcwtbkw2lCdoIILzklulcjJfIDwrtn7XhDeF2M+THwJ2FGrLeV6A==",
      "license": "MIT",
      "engines": {
        "node": ">=16.x"
      }
    },
    "node_modules/@ffmpeg/util": {
      "version": "0.12.2",
      "resolved": "https://registry.npmjs.org/@ffmpeg/util/-/util-0.12.2.tgz",
      "integrity": "sha512-ouyoW+4JB7WxjeZ2y6KpRvB+dLp7Cp4ro8z0HIVpZVCM7AwFlHa0c4R8Y/a4M3wMqATpYKhC7lSFHQ0T11MEDw==",
      "license": "MIT",
      "engines": {
        "node": ">=18.x"
      }
    }
  }
}
